{
  "originHash" : "80d0299160e622143caa75ccd2da004b7e70c82ff202f6d2541e6cfb993e5da5",
  "pins" : [
    {
      "identity" : "defaults",
      "kind" : "remoteSourceControl",
      "location" : "https://github.com/sindresorhus/Defaults.git",
      "state" : {
        "revision" : "38925e3cfacf3fb89a81a35b1cd44fd5a5b7e0fa",
        "version" : "8.2.0"
      }
    },
    {
      "identity" : "keyboardshortcuts",
      "kind" : "remoteSourceControl",
      "location" : "https://github.com/sindresorhus/KeyboardShortcuts.git",
      "state" : {
        "revision" : "49c3fc04ea827f816df67843bfcc57286b47ff06",
        "version" : "3.0.1"
      }
    },
    {
      "identity" : "launchatlogin-modern",
      "kind" : "remoteSourceControl",
      "location" : "https://github.com/sindresorhus/LaunchAtLogin-Modern.git",
      "state" : {
        "revision" : "a04ec1c363be3627734f6dad757d82f5d4fa8fcc",
        "version" : "1.1.0"
      }
    }
  ],
  "version" : 3
}
